
Microsoft Visual Studio Solution File, Format Version 12.00
# Visual Studio Version 17
VisualStudioVersion = 17.5.2.0
MinimumVisualStudioVersion = 10.0.40219.1
Project("{2150E333-8FDC-42A3-9474-1A3956D46DE8}") = "Rainbow Bobblehead", "Rainbow Bobblehead", "{864179A5-B59A-E34C-4551-13883B07106C}"
EndProject
Project("{2150E333-8FDC-42A3-9474-1A3956D46DE8}") = "Red Hat", "Red Hat", "{04D63533-54D8-F348-0EA5-EEA5F024441A}"
EndProject
Project("{2150E333-8FDC-42A3-9474-1A3956D46DE8}") = "Bouncy Ball Item", "Bouncy Ball Item", "{C75459B0-7333-3F3E-0024-40524BF92578}"
EndProject
Project("{2150E333-8FDC-42A3-9474-1A3956D46DE8}") = "UI Example", "UI Example", "{F0AA1180-27F0-B555-79BB-2C4BCF2DF91F}"
EndProject
Project("{FAE04EC0-301F-11D3-BF4B-00C04F79EFBC}") = "RainbowBobblehead", "Rainbow Bobblehead\RainbowBobblehead.csproj", "{0A407575-8D2D-3059-95CB-19195666D19B}"
EndProject
Project("{FAE04EC0-301F-11D3-BF4B-00C04F79EFBC}") = "RedHat", "Red Hat\RedHat.csproj", "{6FF25FBC-704B-90C9-27E6-48855317E946}"
EndProject
Project("{FAE04EC0-301F-11D3-BF4B-00C04F79EFBC}") = "BouncyBall", "Bouncy Ball Item\BouncyBall.csproj", "{42DF0C21-59BC-E817-102A-06F8FD22A87D}"
EndProject
Project("{FAE04EC0-301F-11D3-BF4B-00C04F79EFBC}") = "HelloUI", "UI Example\HelloUI.csproj", "{5427A9BF-2E64-03EE-7952-35BF45E1C2A7}"
EndProject
Project("{2150E333-8FDC-42A3-9474-1A3956D46DE8}") = "Test Bed", "Test Bed", "{16596EF3-96FB-2642-E28A-DAFEFB8F69BF}"
EndProject
Project("{FAE04EC0-301F-11D3-BF4B-00C04F79EFBC}") = "TestBed", "Test Bed\TestBed.csproj", "{132842BC-B164-4873-8ACD-8BFCF6E4D773}"
EndProject
Global
	GlobalSection(SolutionConfigurationPlatforms) = preSolution
		Debug|Any CPU = Debug|Any CPU
		Debug|x64 = Debug|x64
		Debug|x86 = Debug|x86
		Release|Any CPU = Release|Any CPU
		Release|x64 = Release|x64
		Release|x86 = Release|x86
	EndGlobalSection
	GlobalSection(ProjectConfigurationPlatforms) = postSolution
		{0A407575-8D2D-3059-95CB-19195666D19B}.Debug|Any CPU.ActiveCfg = Debug|Any CPU
		{0A407575-8D2D-3059-95CB-19195666D19B}.Debug|Any CPU.Build.0 = Debug|Any CPU
		{0A407575-8D2D-3059-95CB-19195666D19B}.Debug|x64.ActiveCfg = Debug|Any CPU
		{0A407575-8D2D-3059-95CB-19195666D19B}.Debug|x64.Build.0 = Debug|Any CPU
		{0A407575-8D2D-3059-95CB-19195666D19B}.Debug|x86.ActiveCfg = Debug|Any CPU
		{0A407575-8D2D-3059-95CB-19195666D19B}.Debug|x86.Build.0 = Debug|Any CPU
		{0A407575-8D2D-3059-95CB-19195666D19B}.Release|Any CPU.ActiveCfg = Release|Any CPU
		{0A407575-8D2D-3059-95CB-19195666D19B}.Release|Any CPU.Build.0 = Release|Any CPU
		{0A407575-8D2D-3059-95CB-19195666D19B}.Release|x64.ActiveCfg = Release|Any CPU
		{0A407575-8D2D-3059-95CB-19195666D19B}.Release|x64.Build.0 = Release|Any CPU
		{0A407575-8D2D-3059-95CB-19195666D19B}.Release|x86.ActiveCfg = Release|Any CPU
		{0A407575-8D2D-3059-95CB-19195666D19B}.Release|x86.Build.0 = Release|Any CPU
		{6FF25FBC-704B-90C9-27E6-48855317E946}.Debug|Any CPU.ActiveCfg = Debug|Any CPU
		{6FF25FBC-704B-90C9-27E6-48855317E946}.Debug|Any CPU.Build.0 = Debug|Any CPU
		{6FF25FBC-704B-90C9-27E6-48855317E946}.Debug|x64.ActiveCfg = Debug|Any CPU
		{6FF25FBC-704B-90C9-27E6-48855317E946}.Debug|x64.Build.0 = Debug|Any CPU
		{6FF25FBC-704B-90C9-27E6-48855317E946}.Debug|x86.ActiveCfg = Debug|Any CPU
		{6FF25FBC-704B-90C9-27E6-48855317E946}.Debug|x86.Build.0 = Debug|Any CPU
		{6FF25FBC-704B-90C9-27E6-48855317E946}.Release|Any CPU.ActiveCfg = Release|Any CPU
		{6FF25FBC-704B-90C9-27E6-48855317E946}.Release|Any CPU.Build.0 = Release|Any CPU
		{6FF25FBC-704B-90C9-27E6-48855317E946}.Release|x64.ActiveCfg = Release|Any CPU
		{6FF25FBC-704B-90C9-27E6-48855317E946}.Release|x64.Build.0 = Release|Any CPU
		{6FF25FBC-704B-90C9-27E6-48855317E946}.Release|x86.ActiveCfg = Release|Any CPU
		{6FF25FBC-704B-90C9-27E6-48855317E946}.Release|x86.Build.0 = Release|Any CPU
		{42DF0C21-59BC-E817-102A-06F8FD22A87D}.Debug|Any CPU.ActiveCfg = Debug|Any CPU
		{42DF0C21-59BC-E817-102A-06F8FD22A87D}.Debug|Any CPU.Build.0 = Debug|Any CPU
		{42DF0C21-59BC-E817-102A-06F8FD22A87D}.Debug|x64.ActiveCfg = Debug|Any CPU
		{42DF0C21-59BC-E817-102A-06F8FD22A87D}.Debug|x64.Build.0 = Debug|Any CPU
		{42DF0C21-59BC-E817-102A-06F8FD22A87D}.Debug|x86.ActiveCfg = Debug|Any CPU
		{42DF0C21-59BC-E817-102A-06F8FD22A87D}.Debug|x86.Build.0 = Debug|Any CPU
		{42DF0C21-59BC-E817-102A-06F8FD22A87D}.Release|Any CPU.ActiveCfg = Release|Any CPU
		{42DF0C21-59BC-E817-102A-06F8FD22A87D}.Release|Any CPU.Build.0 = Release|Any CPU
		{42DF0C21-59BC-E817-102A-06F8FD22A87D}.Release|x64.ActiveCfg = Release|Any CPU
		{42DF0C21-59BC-E817-102A-06F8FD22A87D}.Release|x64.Build.0 = Release|Any CPU
		{42DF0C21-59BC-E817-102A-06F8FD22A87D}.Release|x86.ActiveCfg = Release|Any CPU
		{42DF0C21-59BC-E817-102A-06F8FD22A87D}.Release|x86.Build.0 = Release|Any CPU
		{5427A9BF-2E64-03EE-7952-35BF45E1C2A7}.Debug|Any CPU.ActiveCfg = Debug|Any CPU
		{5427A9BF-2E64-03EE-7952-35BF45E1C2A7}.Debug|Any CPU.Build.0 = Debug|Any CPU
		{5427A9BF-2E64-03EE-7952-35BF45E1C2A7}.Debug|x64.ActiveCfg = Debug|Any CPU
		{5427A9BF-2E64-03EE-7952-35BF45E1C2A7}.Debug|x64.Build.0 = Debug|Any CPU
		{5427A9BF-2E64-03EE-7952-35BF45E1C2A7}.Debug|x86.ActiveCfg = Debug|Any CPU
		{5427A9BF-2E64-03EE-7952-35BF45E1C2A7}.Debug|x86.Build.0 = Debug|Any CPU
		{5427A9BF-2E64-03EE-7952-35BF45E1C2A7}.Release|Any CPU.ActiveCfg = Release|Any CPU
		{5427A9BF-2E64-03EE-7952-35BF45E1C2A7}.Release|Any CPU.Build.0 = Release|Any CPU
		{5427A9BF-2E64-03EE-7952-35BF45E1C2A7}.Release|x64.ActiveCfg = Release|Any CPU
		{5427A9BF-2E64-03EE-7952-35BF45E1C2A7}.Release|x64.Build.0 = Release|Any CPU
		{5427A9BF-2E64-03EE-7952-35BF45E1C2A7}.Release|x86.ActiveCfg = Release|Any CPU
		{5427A9BF-2E64-03EE-7952-35BF45E1C2A7}.Release|x86.Build.0 = Release|Any CPU
		{132842BC-B164-4873-8ACD-8BFCF6E4D773}.Debug|Any CPU.ActiveCfg = Debug|Any CPU
		{132842BC-B164-4873-8ACD-8BFCF6E4D773}.Debug|Any CPU.Build.0 = Debug|Any CPU
		{132842BC-B164-4873-8ACD-8BFCF6E4D773}.Debug|x64.ActiveCfg = Debug|Any CPU
		{132842BC-B164-4873-8ACD-8BFCF6E4D773}.Debug|x64.Build.0 = Debug|Any CPU
		{132842BC-B164-4873-8ACD-8BFCF6E4D773}.Debug|x86.ActiveCfg = Debug|Any CPU
		{132842BC-B164-4873-8ACD-8BFCF6E4D773}.Debug|x86.Build.0 = Debug|Any CPU
		{132842BC-B164-4873-8ACD-8BFCF6E4D773}.Release|Any CPU.ActiveCfg = Release|Any CPU
		{132842BC-B164-4873-8ACD-8BFCF6E4D773}.Release|Any CPU.Build.0 = Release|Any CPU
		{132842BC-B164-4873-8ACD-8BFCF6E4D773}.Release|x64.ActiveCfg = Release|Any CPU
		{132842BC-B164-4873-8ACD-8BFCF6E4D773}.Release|x64.Build.0 = Release|Any CPU
		{132842BC-B164-4873-8ACD-8BFCF6E4D773}.Release|x86.ActiveCfg = Release|Any CPU
		{132842BC-B164-4873-8ACD-8BFCF6E4D773}.Release|x86.Build.0 = Release|Any CPU
	EndGlobalSection
	GlobalSection(SolutionProperties) = preSolution
		HideSolutionNode = FALSE
	EndGlobalSection
	GlobalSection(NestedProjects) = preSolution
		{0A407575-8D2D-3059-95CB-19195666D19B} = {864179A5-B59A-E34C-4551-13883B07106C}
		{6FF25FBC-704B-90C9-27E6-48855317E946} = {04D63533-54D8-F348-0EA5-EEA5F024441A}
		{42DF0C21-59BC-E817-102A-06F8FD22A87D} = {C75459B0-7333-3F3E-0024-40524BF92578}
		{5427A9BF-2E64-03EE-7952-35BF45E1C2A7} = {F0AA1180-27F0-B555-79BB-2C4BCF2DF91F}
		{132842BC-B164-4873-8ACD-8BFCF6E4D773} = {16596EF3-96FB-2642-E28A-DAFEFB8F69BF}
	EndGlobalSection
	GlobalSection(ExtensibilityGlobals) = postSolution
		SolutionGuid = {9A5D6558-2FD5-42DF-A9F6-655F08B711FF}
	EndGlobalSection
EndGlobal
